
Microsoft Visual Studio Solution File, Format Version 12.00
# Visual Studio Version 16
VisualStudioVersion = 16.0.28803.352
MinimumVisualStudioVersion = 10.0.40219.1
Project("{FAE04EC0-301F-11D3-BF4B-00C04F79EFBC}") = "DiscordBot", "DiscordBot\DiscordBot.csproj", "{20A5A50B-FBA8-4F73-B134-163FFCF3161E}"
EndProject
Global
	GlobalSection(SolutionConfigurationPlatforms) = preSolution
		Debug|Any CPU = Debug|Any CPU
		Release|Any CPU = Release|Any CPU
	EndGlobalSection
	GlobalSection(ProjectConfigurationPlatforms) = postSolution
		{20A5A50B-FBA8-4F73-B134-163FFCF3161E}.Debug|Any CPU.ActiveCfg = Debug|Any CPU
		{20A5A50B-FBA8-4F73-B134-163FFCF3161E}.Debug|Any CPU.Build.0 = Debug|Any CPU
		{20A5A50B-FBA8-4F73-B134-163FFCF3161E}.Release|Any CPU.ActiveCfg = Release|Any CPU
		{20A5A50B-FBA8-4F73-B134-163FFCF3161E}.Release|Any CPU.Build.0 = Release|Any CPU
	EndGlobalSection
	GlobalSection(SolutionProperties) = preSolution
		HideSolutionNode = FALSE
	EndGlobalSection
	GlobalSection(ExtensibilityGlobals) = postSolution
		SolutionGuid = {89534DCA-6595-4ABA-B6C6-7C5CE8784382}
	EndGlobalSection
EndGlobal
